{
  "name": "gen-vue",
  "version": "1.0.0",
  "lockfileVersion": 3,
  "requires": true,
  "packages": {
    "": {
      "name": "gen-vue",
      "version": "1.0.0",
      "license": "ISC",
      "dependencies": {
        "antlr4": "4.7.2"
      }
    },
    "node_modules/antlr4": {
      "version": "4.7.2",
      "resolved": "https://registry.npmmirror.com/antlr4/-/antlr4-4.7.2.tgz",
      "integrity": "sha512-vZA1xYufXLe3LX+ja9rIVxjRmILb1x3k7KYZHltRbfJtXjJ1DlFIqt+CbPYmghx0EuzY9DajiDw+MdyEt1qAsQ=="
    }
  }
}
