{
  "name": "gen-vue",
  "version": "1.0.0",
  "lockfileVersion": 3,
  "requires": true,
  "packages": {
    "": {
      "name": "gen-vue",
      "version": "1.0.0",
      "license": "ISC",
      "dependencies": {
        "dom-serialize": "^2.2.1",
        "htmlparser2": "^9.0.0",
        "radash": "^10.9.0"
      }
    },
    "node_modules/custom-event": {
      "version": "1.0.1",
      "resolved": "https://registry.npmmirror.com/custom-event/-/custom-event-1.0.1.tgz",
      "integrity": "sha512-GAj5FOq0Hd+RsCGVJxZuKaIDXDf3h6GQoNEjFgbLLI/trgtavwUbSnZ5pVfg27DVCaWjIohryS0JFwIJyT2cMg=="
    },
    "node_modules/dom-serialize": {
      "version": "2.2.1",
      "resolved": "https://registry.npmmirror.com/dom-serialize/-/dom-serialize-2.2.1.tgz",
      "integrity": "sha512-Yra4DbvoW7/Z6LBN560ZwXMjoNOSAN2wRsKFGc4iBeso+mpIA6qj1vfdf9HpMaKAqG6wXTy+1SYEzmNpKXOSsQ==",
      "dependencies": {
        "custom-event": "~1.0.0",
        "ent": "~2.2.0",
        "extend": "^3.0.0",
        "void-elements": "^2.0.0"
      }
    },
    "node_modules/dom-serializer": {
      "version": "2.0.0",
      "resolved": "https://registry.npmmirror.com/dom-serializer/-/dom-serializer-2.0.0.tgz",
      "integrity": "sha512-wIkAryiqt/nV5EQKqQpo3SToSOV9J0DnbJqwK7Wv/Trc92zIAYZ4FlMu+JPFW1DfGFt81ZTCGgDEabffXeLyJg==",
      "dependencies": {
        "domelementtype": "^2.3.0",
        "domhandler": "^5.0.2",
        "entities": "^4.2.0"
      }
    },
    "node_modules/domelementtype": {
      "version": "2.3.0",
      "resolved": "https://registry.npmmirror.com/domelementtype/-/domelementtype-2.3.0.tgz",
      "integrity": "sha512-OLETBj6w0OsagBwdXnPdN0cnMfF9opN69co+7ZrbfPGrdpPVNBUj02spi6B1N7wChLQiPn4CSH/zJvXw56gmHw=="
    },
    "node_modules/domhandler": {
      "version": "5.0.3",
      "resolved": "https://registry.npmmirror.com/domhandler/-/domhandler-5.0.3.tgz",
      "integrity": "sha512-cgwlv/1iFQiFnU96XXgROh8xTeetsnJiDsTc7TYCLFd9+/WNkIqPTxiM/8pSd8VIrhXGTf1Ny1q1hquVqDJB5w==",
      "dependencies": {
        "domelementtype": "^2.3.0"
      },
      "engines": {
        "node": ">= 4"
      }
    },
    "node_modules/domutils": {
      "version": "3.1.0",
      "resolved": "https://registry.npmmirror.com/domutils/-/domutils-3.1.0.tgz",
      "integrity": "sha512-H78uMmQtI2AhgDJjWeQmHwJJ2bLPD3GMmO7Zja/ZZh84wkm+4ut+IUnUdRa8uCGX88DiVx1j6FRe1XfxEgjEZA==",
      "dependencies": {
        "dom-serializer": "^2.0.0",
        "domelementtype": "^2.3.0",
        "domhandler": "^5.0.3"
      }
    },
    "node_modules/ent": {
      "version": "2.2.0",
      "resolved": "https://registry.npmmirror.com/ent/-/ent-2.2.0.tgz",
      "integrity": "sha512-GHrMyVZQWvTIdDtpiEXdHZnFQKzeO09apj8Cbl4pKWy4i0Oprcq17usfDt5aO63swf0JOeMWjWQE/LzgSRuWpA=="
    },
    "node_modules/entities": {
      "version": "4.5.0",
      "resolved": "https://registry.npmmirror.com/entities/-/entities-4.5.0.tgz",
      "integrity": "sha512-V0hjH4dGPh9Ao5p0MoRY6BVqtwCjhz6vI5LT8AJ55H+4g9/4vbHx1I54fS0XuclLhDHArPQCiMjDxjaL8fPxhw==",
      "engines": {
        "node": ">=0.12"
      }
    },
    "node_modules/extend": {
      "version": "3.0.2",
      "resolved": "https://registry.npmmirror.com/extend/-/extend-3.0.2.tgz",
      "integrity": "sha512-fjquC59cD7CyW6urNXK0FBufkZcoiGG80wTuPujX590cB5Ttln20E2UB4S/WARVqhXffZl2LNgS+gQdPIIim/g=="
    },
    "node_modules/htmlparser2": {
      "version": "9.0.0",
      "resolved": "https://registry.npmmirror.com/htmlparser2/-/htmlparser2-9.0.0.tgz",
      "integrity": "sha512-uxbSI98wmFT/G4P2zXx4OVx04qWUmyFPrD2/CNepa2Zo3GPNaCaaxElDgwUrwYWkK1nr9fft0Ya8dws8coDLLQ==",
      "dependencies": {
        "domelementtype": "^2.3.0",
        "domhandler": "^5.0.3",
        "domutils": "^3.1.0",
        "entities": "^4.5.0"
      }
    },
    "node_modules/radash": {
      "version": "10.9.0",
      "resolved": "https://registry.npmmirror.com/radash/-/radash-10.9.0.tgz",
      "integrity": "sha512-0pijGuxnF5CgEdRwrCEHjx4onaXWpmVligyKzfn7hIjpOl11n+9x8le6R3gFjAs2e6d7WT39vcZw1AWHt3w9Jw==",
      "engines": {
        "node": ">=14.18.0"
      }
    },
    "node_modules/void-elements": {
      "version": "2.0.1",
      "resolved": "https://registry.npmmirror.com/void-elements/-/void-elements-2.0.1.tgz",
      "integrity": "sha512-qZKX4RnBzH2ugr8Lxa7x+0V6XD9Sb/ouARtiasEQCHB1EVU4NXtmHsDDrx1dO4ne5fc3J6EW05BP1Dl0z0iung==",
      "engines": {
        "node": ">=0.10.0"
      }
    }
  }
}
